# generated by rye
# use `rye lock` or `rye sync` to update this lockfile
#
# last locked with the following flags:
#   pre: false
#   features: []
#   all-features: false
#   with-sources: false
#   generate-hashes: false
#   universal: false

-e file:.
anyio==4.4.0
    # via httpx
browser-cookie3==0.19.1
    # via ridiwise
certifi==2024.7.4
    # via httpcore
    # via httpx
click==8.1.7
    # via typer
greenlet==3.0.3
    # via playwright
h11==0.14.0
    # via httpcore
httpcore==1.0.5
    # via httpx
httpx==0.27.0
    # via ridiwise
idna==3.7
    # via anyio
    # via httpx
lz4==4.3.3
    # via browser-cookie3
markdown-it-py==3.0.0
    # via rich
mdurl==0.1.2
    # via markdown-it-py
merge-args==0.1.5
    # via ridiwise
playwright==1.45.1
    # via ridiwise
pycryptodomex==3.20.0
    # via browser-cookie3
pyee==11.1.0
    # via playwright
pygments==2.18.0
    # via rich
rich==13.7.1
    # via typer
shellingham==1.5.4
    # via typer
sniffio==1.3.1
    # via anyio
    # via httpx
typer==0.12.3
    # via ridiwise
typing-extensions==4.12.2
    # via pyee
    # via typer
